{
  "name": "e2ee-messenger",
  "lockfileVersion": 2,
  "requires": true,
  "packages": {
    "": {
      "dependencies": {
        "kill-port": "^1.6.1"
      }
    },
    "node_modules/get-them-args": {
      "version": "1.3.2",
      "resolved": "https://registry.npmjs.org/get-them-args/-/get-them-args-1.3.2.tgz",
      "integrity": "sha1-dKILqKSr7OWuGZrQPyvMaP38m6U="
    },
    "node_modules/kill-port": {
      "version": "1.6.1",
      "resolved": "https://registry.npmjs.org/kill-port/-/kill-port-1.6.1.tgz",
      "integrity": "sha512-un0Y55cOM7JKGaLnGja28T38tDDop0AQ8N0KlAdyh+B1nmMoX8AnNmqPNZbS3mUMgiST51DCVqmbFT1gNJpVNw==",
      "dependencies": {
        "get-them-args": "1.3.2",
        "shell-exec": "1.0.2"
      },
      "bin": {
        "kill-port": "cli.js"
      }
    },
    "node_modules/shell-exec": {
      "version": "1.0.2",
      "resolved": "https://registry.npmjs.org/shell-exec/-/shell-exec-1.0.2.tgz",
      "integrity": "sha512-jyVd+kU2X+mWKMmGhx4fpWbPsjvD53k9ivqetutVW/BQ+WIZoDoP4d8vUMGezV6saZsiNoW2f9GIhg9Dondohg=="
    }
  },
  "dependencies": {
    "get-them-args": {
      "version": "1.3.2",
      "resolved": "https://registry.npmjs.org/get-them-args/-/get-them-args-1.3.2.tgz",
      "integrity": "sha1-dKILqKSr7OWuGZrQPyvMaP38m6U="
    },
    "kill-port": {
      "version": "1.6.1",
      "resolved": "https://registry.npmjs.org/kill-port/-/kill-port-1.6.1.tgz",
      "integrity": "sha512-un0Y55cOM7JKGaLnGja28T38tDDop0AQ8N0KlAdyh+B1nmMoX8AnNmqPNZbS3mUMgiST51DCVqmbFT1gNJpVNw==",
      "requires": {
        "get-them-args": "1.3.2",
        "shell-exec": "1.0.2"
      }
    },
    "shell-exec": {
      "version": "1.0.2",
      "resolved": "https://registry.npmjs.org/shell-exec/-/shell-exec-1.0.2.tgz",
      "integrity": "sha512-jyVd+kU2X+mWKMmGhx4fpWbPsjvD53k9ivqetutVW/BQ+WIZoDoP4d8vUMGezV6saZsiNoW2f9GIhg9Dondohg=="
    }
  }
}
